// !$*UTF8*$!
{
	archiveVersion = 1;
	classes = {
	};
	objectVersion = 56;
	objects = {

/* Begin PBXBuildFile section */
		2690744829D447EE00FB0424 /* ClapMeApp.swift in Sources */ = {isa = PBXBuildFile; fileRef = 2690744729D447EE00FB0424 /* ClapMeApp.swift */; };
		2690744A29D447EE00FB0424 /* ContentView.swift in Sources */ = {isa = PBXBuildFile; fileRef = 2690744929D447EE00FB0424 /* ContentView.swift */; };
		2690744C29D447EF00FB0424 /* Assets.xcassets in Resources */ = {isa = PBXBuildFile; fileRef = 2690744B29D447EF00FB0424 /* Assets.xcassets */; };
		2690744F29D447EF00FB0424 /* Preview Assets.xcassets in Resources */ = {isa = PBXBuildFile; fileRef = 2690744E29D447EF00FB0424 /* Preview Assets.xcassets */; };
		2690745129D447EF00FB0424 /* Persistence.swift in Sources */ = {isa = PBXBuildFile; fileRef = 2690745029D447EF00FB0424 /* Persistence.swift */; };
		2690745429D447EF00FB0424 /* ClapMe.xcdatamodeld in Sources */ = {isa = PBXBuildFile; fileRef = 2690745229D447EF00FB0424 /* ClapMe.xcdatamodeld */; };
		2690745B29D44DB800FB0424 /* LogoView.swift in Sources */ = {isa = PBXBuildFile; fileRef = 2690745A29D44DB800FB0424 /* LogoView.swift */; };
		2690745D29D44EBA00FB0424 /* MapView.swift in Sources */ = {isa = PBXBuildFile; fileRef = 2690745C29D44EBA00FB0424 /* MapView.swift */; };
/* End PBXBuildFile section */

/* Begin PBXFileReference section */
		2690744429D447EE00FB0424 /* ClapMe.app */ = {isa = PBXFileReference; explicitFileType = wrapper.application; includeInIndex = 0; path = ClapMe.app; sourceTree = BUILT_PRODUCTS_DIR; };
		2690744729D447EE00FB0424 /* ClapMeApp.swift */ = {isa = PBXFileReference; lastKnownFileType = sourcecode.swift; path = ClapMeApp.swift; sourceTree = "<group>"; };
		2690744929D447EE00FB0424 /* ContentView.swift */ = {isa = PBXFileReference; lastKnownFileType = sourcecode.swift; path = ContentView.swift; sourceTree = "<group>"; };
		2690744B29D447EF00FB0424 /* Assets.xcassets */ = {isa = PBXFileReference; lastKnownFileType = folder.assetcatalog; path = Assets.xcassets; sourceTree = "<group>"; };
		2690744E29D447EF00FB0424 /* Preview Assets.xcassets */ = {isa = PBXFileReference; lastKnownFileType = folder.assetcatalog; path = "Preview Assets.xcassets"; sourceTree = "<group>"; };
		2690745029D447EF00FB0424 /* Persistence.swift */ = {isa = PBXFileReference; lastKnownFileType = sourcecode.swift; path = Persistence.swift; sourceTree = "<group>"; };
		2690745329D447EF00FB0424 /* ClapMe.xcdatamodel */ = {isa = PBXFileReference; lastKnownFileType = wrapper.xcdatamodel; path = ClapMe.xcdatamodel; sourceTree = "<group>"; };
		2690745A29D44DB800FB0424 /* LogoView.swift */ = {isa = PBXFileReference; lastKnownFileType = sourcecode.swift; path = LogoView.swift; sourceTree = "<group>"; };
		2690745C29D44EBA00FB0424 /* MapView.swift */ = {isa = PBXFileReference; lastKnownFileType = sourcecode.swift; path = MapView.swift; sourceTree = "<group>"; };
/* End PBXFileReference section */

/* Begin PBXFrameworksBuildPhase section */
		2690744129D447EE00FB0424 /* Frameworks */ = {
			isa = PBXFrameworksBuildPhase;
			buildActionMask = 2147483647;
			files = (
			);
			runOnlyForDeploymentPostprocessing = 0;
		};
/* End PBXFrameworksBuildPhase section */

/* Begin PBXGroup section */
		2690743B29D447EE00FB0424 = {
			isa = PBXGroup;
			children = (
				2690744629D447EE00FB0424 /* ClapMe */,
				2690744529D447EE00FB0424 /* Products */,
			);
			sourceTree = "<group>";
		};
		2690744529D447EE00FB0424 /* Products */ = {
			isa = PBXGroup;
			children = (
				2690744429D447EE00FB0424 /* ClapMe.app */,
			);
			name = Products;
			sourceTree = "<group>";
		};
		2690744629D447EE00FB0424 /* ClapMe */ = {
			isa = PBXGroup;
			children = (
				2690744729D447EE00FB0424 /* ClapMeApp.swift */,
				2690744929D447EE00FB0424 /* ContentView.swift */,
				2690745A29D44DB800FB0424 /* LogoView.swift */,
				2690745C29D44EBA00FB0424 /* MapView.swift */,
				2690744B29D447EF00FB0424 /* Assets.xcassets */,
				2690745029D447EF00FB0424 /* Persistence.swift */,
				2690745229D447EF00FB0424 /* ClapMe.xcdatamodeld */,
				2690744D29D447EF00FB0424 /* Preview Content */,
			);
			path = ClapMe;
			sourceTree = "<group>";
		};
		2690744D29D447EF00FB0424 /* Preview Content */ = {
			isa = PBXGroup;
			children = (
				2690744E29D447EF00FB0424 /* Preview Assets.xcassets */,
			);
			path = "Preview Content";
			sourceTree = "<group>";
		};
/* End PBXGroup section */

/* Begin PBXNativeTarget section */
		2690744329D447EE00FB0424 /* ClapMe */ = {
			isa = PBXNativeTarget;
			buildConfigurationList = 2690745729D447EF00FB0424 /* Build configuration list for PBXNativeTarget "ClapMe" */;
			buildPhases = (
				2690744029D447EE00FB0424 /* Sources */,
				2690744129D447EE00FB0424 /* Frameworks */,
				2690744229D447EE00FB0424 /* Resources */,
			);
			buildRules = (
			);
			dependencies = (
			);
			name = ClapMe;
			productName = ClapMe;
			productReference = 2690744429D447EE00FB0424 /* ClapMe.app */;
			productType = "com.apple.product-type.application";
		};
/* End PBXNativeTarget section */

/* Begin PBXProject section */
		2690743C29D447EE00FB0424 /* Project object */ = {
			isa = PBXProject;
			attributes = {
				BuildIndependentTargetsInParallel = 1;
				LastSwiftUpdateCheck = 1420;
				LastUpgradeCheck = 1420;
				TargetAttributes = {
					2690744329D447EE00FB0424 = {
						CreatedOnToolsVersion = 14.2;
					};
				};
			};
			buildConfigurationList = 2690743F29D447EE00FB0424 /* Build configuration list for PBXProject "ClapMe" */;
			compatibilityVersion = "Xcode 14.0";
			developmentRegion = en;
			hasScannedForEncodings = 0;
			knownRegions = (
				en,
				Base,
			);
			mainGroup = 2690743B29D447EE00FB0424;
			productRefGroup = 2690744529D447EE00FB0424 /* Products */;
			projectDirPath = "";
			projectRoot = "";
			targets = (
				2690744329D447EE00FB0424 /* ClapMe */,
			);
		};
/* End PBXProject section */

/* Begin PBXResourcesBuildPhase section */
		2690744229D447EE00FB0424 /* Resources */ = {
			isa = PBXResourcesBuildPhase;
			buildActionMask = 2147483647;
			files = (
				2690744F29D447EF00FB0424 /* Preview Assets.xcassets in Resources */,
				2690744C29D447EF00FB0424 /* Assets.xcassets in Resources */,
			);
			runOnlyForDeploymentPostprocessing = 0;
		};
/* End PBXResourcesBuildPhase section */

/* Begin PBXSourcesBuildPhase section */
		2690744029D447EE00FB0424 /* Sources */ = {
			isa = PBXSourcesBuildPhase;
			buildActionMask = 2147483647;
			files = (
				2690745B29D44DB800FB0424 /* LogoView.swift in Sources */,
				2690745D29D44EBA00FB0424 /* MapView.swift in Sources */,
				2690745129D447EF00FB0424 /* Persistence.swift in Sources */,
				2690745429D447EF00FB0424 /* ClapMe.xcdatamodeld in Sources */,
				2690744A29D447EE00FB0424 /* ContentView.swift in Sources */,
				2690744829D447EE00FB0424 /* ClapMeApp.swift in Sources */,
			);
			runOnlyForDeploymentPostprocessing = 0;
		};
/* End PBXSourcesBuildPhase section */

/* Begin XCBuildConfiguration section */
		2690745529D447EF00FB0424 /* Debug */ = {
			isa = XCBuildConfiguration;
			buildSettings = {
				ALWAYS_SEARCH_USER_PATHS = NO;
				CLANG_ANALYZER_NONNULL = YES;
				CLANG_ANALYZER_NUMBER_OBJECT_CONVERSION = YES_AGGRESSIVE;
				CLANG_CXX_LANGUAGE_STANDARD = "gnu++20";
				CLANG_ENABLE_MODULES = YES;
				CLANG_ENABLE_OBJC_ARC = YES;
				CLANG_ENABLE_OBJC_WEAK = YES;
				CLANG_WARN_BLOCK_CAPTURE_AUTORELEASING = YES;
				CLANG_WARN_BOOL_CONVERSION = YES;
				CLANG_WARN_COMMA = YES;
				CLANG_WARN_CONSTANT_CONVERSION = YES;
				CLANG_WARN_DEPRECATED_OBJC_IMPLEMENTATIONS = YES;
				CLANG_WARN_DIRECT_OBJC_ISA_USAGE = YES_ERROR;
				CLANG_WARN_DOCUMENTATION_COMMENTS = YES;
				CLANG_WARN_EMPTY_BODY = YES;
				CLANG_WARN_ENUM_CONVERSION = YES;
				CLANG_WARN_INFINITE_RECURSION = YES;
				CLANG_WARN_INT_CONVERSION = YES;
				CLANG_WARN_NON_LITERAL_NULL_CONVERSION = YES;
				CLANG_WARN_OBJC_IMPLICIT_RETAIN_SELF = YES;
				CLANG_WARN_OBJC_LITERAL_CONVERSION = YES;
				CLANG_WARN_OBJC_ROOT_CLASS = YES_ERROR;
				CLANG_WARN_QUOTED_INCLUDE_IN_FRAMEWORK_HEADER = YES;
				CLANG_WARN_RANGE_LOOP_ANALYSIS = YES;
				CLANG_WARN_STRICT_PROTOTYPES = YES;
				CLANG_WARN_SUSPICIOUS_MOVE = YES;
				CLANG_WARN_UNGUARDED_AVAILABILITY = YES_AGGRESSIVE;
				CLANG_WARN_UNREACHABLE_CODE = YES;
				CLANG_WARN__DUPLICATE_METHOD_MATCH = YES;
				COPY_PHASE_STRIP = NO;
				DEBUG_INFORMATION_FORMAT = dwarf;
				ENABLE_STRICT_OBJC_MSGSEND = YES;
				ENABLE_TESTABILITY = YES;
				GCC_C_LANGUAGE_STANDARD = gnu11;
				GCC_DYNAMIC_NO_PIC = NO;
				GCC_NO_COMMON_BLOCKS = YES;
				GCC_OPTIMIZATION_LEVEL = 0;
				GCC_PREPROCESSOR_DEFINITIONS = (
					"DEBUG=1",
					"$(inherited)",
				);
				GCC_WARN_64_TO_32_BIT_CONVERSION = YES;
				GCC_WARN_ABOUT_RETURN_TYPE = YES_ERROR;
				GCC_WARN_UNDECLARED_SELECTOR = YES;
				GCC_WARN_UNINITIALIZED_AUTOS = YES_AGGRESSIVE;
				GCC_WARN_UNUSED_FUNCTION = YES;
				GCC_WARN_UNUSED_VARIABLE = YES;
				IPHONEOS_DEPLOYMENT_TARGET = 16.2;
				MTL_ENABLE_DEBUG_INFO = INCLUDE_SOURCE;
				MTL_FAST_MATH = YES;
				ONLY_ACTIVE_ARCH = YES;
				SDKROOT = iphoneos;
				SWIFT_ACTIVE_COMPILATION_CONDITIONS = DEBUG;
				SWIFT_OPTIMIZATION_LEVEL = "-Onone";
			};
			name = Debug;
		};
		2690745629D447EF00FB0424 /* Release */ = {
			isa = XCBuildConfiguration;
			buildSettings = {
				ALWAYS_SEARCH_USER_PATHS = NO;
				CLANG_ANALYZER_NONNULL = YES;
				CLANG_ANALYZER_NUMBER_OBJECT_CONVERSION = YES_AGGRESSIVE;
				CLANG_CXX_LANGUAGE_STANDARD = "gnu++20";
				CLANG_ENABLE_MODULES = YES;
				CLANG_ENABLE_OBJC_ARC = YES;
				CLANG_ENABLE_OBJC_WEAK = YES;
				CLANG_WARN_BLOCK_CAPTURE_AUTORELEASING = YES;
				CLANG_WARN_BOOL_CONVERSION = YES;
				CLANG_WARN_COMMA = YES;
				CLANG_WARN_CONSTANT_CONVERSION = YES;
				CLANG_WARN_DEPRECATED_OBJC_IMPLEMENTATIONS = YES;
				CLANG_WARN_DIRECT_OBJC_ISA_USAGE = YES_ERROR;
				CLANG_WARN_DOCUMENTATION_COMMENTS = YES;
				CLANG_WARN_EMPTY_BODY = YES;
				CLANG_WARN_ENUM_CONVERSION = YES;
				CLANG_WARN_INFINITE_RECURSION = YES;
				CLANG_WARN_INT_CONVERSION = YES;
				CLANG_WARN_NON_LITERAL_NULL_CONVERSION = YES;
				CLANG_WARN_OBJC_IMPLICIT_RETAIN_SELF = YES;
				CLANG_WARN_OBJC_LITERAL_CONVERSION = YES;
				CLANG_WARN_OBJC_ROOT_CLASS = YES_ERROR;
				CLANG_WARN_QUOTED_INCLUDE_IN_FRAMEWORK_HEADER = YES;
				CLANG_WARN_RANGE_LOOP_ANALYSIS = YES;
				CLANG_WARN_STRICT_PROTOTYPES = YES;
				CLANG_WARN_SUSPICIOUS_MOVE = YES;
				CLANG_WARN_UNGUARDED_AVAILABILITY = YES_AGGRESSIVE;
				CLANG_WARN_UNREACHABLE_CODE = YES;
				CLANG_WARN__DUPLICATE_METHOD_MATCH = YES;
				COPY_PHASE_STRIP = NO;
				DEBUG_INFORMATION_FORMAT = "dwarf-with-dsym";
				ENABLE_NS_ASSERTIONS = NO;
				ENABLE_STRICT_OBJC_MSGSEND = YES;
				GCC_C_LANGUAGE_STANDARD = gnu11;
				GCC_NO_COMMON_BLOCKS = YES;
				GCC_WARN_64_TO_32_BIT_CONVERSION = YES;
				GCC_WARN_ABOUT_RETURN_TYPE = YES_ERROR;
				GCC_WARN_UNDECLARED_SELECTOR = YES;
				GCC_WARN_UNINITIALIZED_AUTOS = YES_AGGRESSIVE;
				GCC_WARN_UNUSED_FUNCTION = YES;
				GCC_WARN_UNUSED_VARIABLE = YES;
				IPHONEOS_DEPLOYMENT_TARGET = 16.2;
				MTL_ENABLE_DEBUG_INFO = NO;
				MTL_FAST_MATH = YES;
				SDKROOT = iphoneos;
				SWIFT_COMPILATION_MODE = wholemodule;
				SWIFT_OPTIMIZATION_LEVEL = "-O";
				VALIDATE_PRODUCT = YES;
			};
			name = Release;
		};
		2690745829D447EF00FB0424 /* Debug */ = {
			isa = XCBuildConfiguration;
			buildSettings = {
				ASSETCATALOG_COMPILER_APPICON_NAME = AppIcon;
				ASSETCATALOG_COMPILER_GLOBAL_ACCENT_COLOR_NAME = AccentColor;
				CODE_SIGN_STYLE = Automatic;
				CURRENT_PROJECT_VERSION = 1;
				DEVELOPMENT_ASSET_PATHS = "\"ClapMe/Preview Content\"";
				DEVELOPMENT_TEAM = MTRFQL94MM;
				ENABLE_PREVIEWS = YES;
				GENERATE_INFOPLIST_FILE = YES;
				INFOPLIST_KEY_UIApplicationSceneManifest_Generation = YES;
				INFOPLIST_KEY_UIApplicationSupportsIndirectInputEvents = YES;
				INFOPLIST_KEY_UILaunchScreen_Generation = YES;
				INFOPLIST_KEY_UISupportedInterfaceOrientations_iPad = "UIInterfaceOrientationPortrait UIInterfaceOrientationPortraitUpsideDown UIInterfaceOrientationLandscapeLeft UIInterfaceOrientationLandscapeRight";
				INFOPLIST_KEY_UISupportedInterfaceOrientations_iPhone = "UIInterfaceOrientationPortrait UIInterfaceOrientationLandscapeLeft UIInterfaceOrientationLandscapeRight";
				LD_RUNPATH_SEARCH_PATHS = (
					"$(inherited)",
					"@executable_path/Frameworks",
				);
				MARKETING_VERSION = 1.0;
				PRODUCT_BUNDLE_IDENTIFIER = com.AleksejSchapran.ClapMe;
				PRODUCT_NAME = "$(TARGET_NAME)";
				SWIFT_EMIT_LOC_STRINGS = YES;
				SWIFT_VERSION = 5.0;
				TARGETED_DEVICE_FAMILY = "1,2";
			};
			name = Debug;
		};
		2690745929D447EF00FB0424 /* Release */ = {
			isa = XCBuildConfiguration;
			buildSettings = {
				ASSETCATALOG_COMPILER_APPICON_NAME = AppIcon;
				ASSETCATALOG_COMPILER_GLOBAL_ACCENT_COLOR_NAME = AccentColor;
				CODE_SIGN_STYLE = Automatic;
				CURRENT_PROJECT_VERSION = 1;
				DEVELOPMENT_ASSET_PATHS = "\"ClapMe/Preview Content\"";
				DEVELOPMENT_TEAM = MTRFQL94MM;
				ENABLE_PREVIEWS = YES;
				GENERATE_INFOPLIST_FILE = YES;
				INFOPLIST_KEY_UIApplicationSceneManifest_Generation = YES;
				INFOPLIST_KEY_UIApplicationSupportsIndirectInputEvents = YES;
				INFOPLIST_KEY_UILaunchScreen_Generation = YES;
				INFOPLIST_KEY_UISupportedInterfaceOrientations_iPad = "UIInterfaceOrientationPortrait UIInterfaceOrientationPortraitUpsideDown UIInterfaceOrientationLandscapeLeft UIInterfaceOrientationLandscapeRight";
				INFOPLIST_KEY_UISupportedInterfaceOrientations_iPhone = "UIInterfaceOrientationPortrait UIInterfaceOrientationLandscapeLeft UIInterfaceOrientationLandscapeRight";
				LD_RUNPATH_SEARCH_PATHS = (
					"$(inherited)",
					"@executable_path/Frameworks",
				);
				MARKETING_VERSION = 1.0;
				PRODUCT_BUNDLE_IDENTIFIER = com.AleksejSchapran.ClapMe;
				PRODUCT_NAME = "$(TARGET_NAME)";
				SWIFT_EMIT_LOC_STRINGS = YES;
				SWIFT_VERSION = 5.0;
				TARGETED_DEVICE_FAMILY = "1,2";
			};
			name = Release;
		};
/* End XCBuildConfiguration section */

/* Begin XCConfigurationList section */
		2690743F29D447EE00FB0424 /* Build configuration list for PBXProject "ClapMe" */ = {
			isa = XCConfigurationList;
			buildConfigurations = (
				2690745529D447EF00FB0424 /* Debug */,
				2690745629D447EF00FB0424 /* Release */,
			);
			defaultConfigurationIsVisible = 0;
			defaultConfigurationName = Release;
		};
		2690745729D447EF00FB0424 /* Build configuration list for PBXNativeTarget "ClapMe" */ = {
			isa = XCConfigurationList;
			buildConfigurations = (
				2690745829D447EF00FB0424 /* Debug */,
				2690745929D447EF00FB0424 /* Release */,
			);
			defaultConfigurationIsVisible = 0;
			defaultConfigurationName = Release;
		};
/* End XCConfigurationList section */

/* Begin XCVersionGroup section */
		2690745229D447EF00FB0424 /* ClapMe.xcdatamodeld */ = {
			isa = XCVersionGroup;
			children = (
				2690745329D447EF00FB0424 /* ClapMe.xcdatamodel */,
			);
			currentVersion = 2690745329D447EF00FB0424 /* ClapMe.xcdatamodel */;
			path = ClapMe.xcdatamodeld;
			sourceTree = "<group>";
			versionGroupType = wrapper.xcdatamodel;
		};
/* End XCVersionGroup section */
	};
	rootObject = 2690743C29D447EE00FB0424 /* Project object */;
}
